// !$*UTF8*$!
{
	archiveVersion = 1;
	classes = {
	};
	objectVersion = 55;
	objects = {

/* Begin PBXBuildFile section */
		374CD324B4E0D40A0C28B669 /* Pods_Food_OrderTests.framework in Frameworks */ = {isa = PBXBuildFile; fileRef = 78F2D0DEBC47BDE6FFBFE8D9 /* Pods_Food_OrderTests.framework */; };
		540EADA628942652009B9532 /* DishDetailViewController.swift in Sources */ = {isa = PBXBuildFile; fileRef = 540EADA528942652009B9532 /* DishDetailViewController.swift */; };
		540EADA8289429C2009B9532 /* UIViewControllerExtension.swift in Sources */ = {isa = PBXBuildFile; fileRef = 540EADA7289429C2009B9532 /* UIViewControllerExtension.swift */; };
		542CC84328906B8F00EC9A4A /* DishPortraitCollectionViewCell.swift in Sources */ = {isa = PBXBuildFile; fileRef = 542CC84128906B8F00EC9A4A /* DishPortraitCollectionViewCell.swift */; };
		542CC84428906B8F00EC9A4A /* DishPortraitCollectionViewCell.xib in Resources */ = {isa = PBXBuildFile; fileRef = 542CC84228906B8F00EC9A4A /* DishPortraitCollectionViewCell.xib */; };
		542CC84628906F1100EC9A4A /* Dish.swift in Sources */ = {isa = PBXBuildFile; fileRef = 542CC84528906F1100EC9A4A /* Dish.swift */; };
		542CC84A289090E800EC9A4A /* DishLandCollectionViewCell.swift in Sources */ = {isa = PBXBuildFile; fileRef = 542CC848289090E800EC9A4A /* DishLandCollectionViewCell.swift */; };
		542CC84B289090E800EC9A4A /* DishLandCollectionViewCell.xib in Resources */ = {isa = PBXBuildFile; fileRef = 542CC849289090E800EC9A4A /* DishLandCollectionViewCell.xib */; };
		5446EBCB28946BA5005683DA /* ListDishesViewController.swift in Sources */ = {isa = PBXBuildFile; fileRef = 5446EBCA28946BA5005683DA /* ListDishesViewController.swift */; };
		54870AB72894420A00FBE719 /* DishListTableViewCell.swift in Sources */ = {isa = PBXBuildFile; fileRef = 54870AB52894420A00FBE719 /* DishListTableViewCell.swift */; };
		54870AB82894420A00FBE719 /* DishListTableViewCell.xib in Resources */ = {isa = PBXBuildFile; fileRef = 54870AB62894420A00FBE719 /* DishListTableViewCell.xib */; };
		54B8C7A4288D489D00C46E2F /* CardView.swift in Sources */ = {isa = PBXBuildFile; fileRef = 54B8C7A3288D489D00C46E2F /* CardView.swift */; };
		54BA44A9288C4C1C0039D7F3 /* String+Extension.swift in Sources */ = {isa = PBXBuildFile; fileRef = 54BA44A8288C4C1C0039D7F3 /* String+Extension.swift */; };
		54CFB8CA288BEF7900BFD28F /* OnbardingCollectionViewCell.swift in Sources */ = {isa = PBXBuildFile; fileRef = 54CFB8C9288BEF7900BFD28F /* OnbardingCollectionViewCell.swift */; };
		54CFB8CD288C2BB600BFD28F /* HomeViewController.swift in Sources */ = {isa = PBXBuildFile; fileRef = 54CFB8CC288C2BB600BFD28F /* HomeViewController.swift */; };
		54CFB8D4288C326C00BFD28F /* CategoryCollectionViewCell.swift in Sources */ = {isa = PBXBuildFile; fileRef = 54CFB8D2288C326C00BFD28F /* CategoryCollectionViewCell.swift */; };
		54CFB8D5288C326C00BFD28F /* CategoryCollectionViewCell.xib in Resources */ = {isa = PBXBuildFile; fileRef = 54CFB8D3288C326C00BFD28F /* CategoryCollectionViewCell.xib */; };
		54CFB8D7288C342C00BFD28F /* CategoryDishModel.swift in Sources */ = {isa = PBXBuildFile; fileRef = 54CFB8D6288C342C00BFD28F /* CategoryDishModel.swift */; };
		54EE469B288B42510066A677 /* AppDelegate.swift in Sources */ = {isa = PBXBuildFile; fileRef = 54EE469A288B42510066A677 /* AppDelegate.swift */; };
		54EE469D288B42510066A677 /* SceneDelegate.swift in Sources */ = {isa = PBXBuildFile; fileRef = 54EE469C288B42510066A677 /* SceneDelegate.swift */; };
		54EE46A2288B42510066A677 /* Main.storyboard in Resources */ = {isa = PBXBuildFile; fileRef = 54EE46A0288B42510066A677 /* Main.storyboard */; };
		54EE46A4288B42510066A677 /* Assets.xcassets in Resources */ = {isa = PBXBuildFile; fileRef = 54EE46A3288B42510066A677 /* Assets.xcassets */; };
		54EE46A7288B42510066A677 /* LaunchScreen.storyboard in Resources */ = {isa = PBXBuildFile; fileRef = 54EE46A5288B42510066A677 /* LaunchScreen.storyboard */; };
		54EE46B2288B42520066A677 /* Food_OrderTests.swift in Sources */ = {isa = PBXBuildFile; fileRef = 54EE46B1288B42520066A677 /* Food_OrderTests.swift */; };
		54EE46BC288B42520066A677 /* Food_OrderUITests.swift in Sources */ = {isa = PBXBuildFile; fileRef = 54EE46BB288B42520066A677 /* Food_OrderUITests.swift */; };
		54EE46BE288B42520066A677 /* Food_OrderUITestsLaunchTests.swift in Sources */ = {isa = PBXBuildFile; fileRef = 54EE46BD288B42520066A677 /* Food_OrderUITestsLaunchTests.swift */; };
		54EE46D1288B5CC00066A677 /* OnboardingViewController.swift in Sources */ = {isa = PBXBuildFile; fileRef = 54EE46D0288B5CC00066A677 /* OnboardingViewController.swift */; };
		54EE46D4288B60F50066A677 /* UIView+Extension.swift in Sources */ = {isa = PBXBuildFile; fileRef = 54EE46D3288B60F50066A677 /* UIView+Extension.swift */; };
		54EE46D6288B61FE0066A677 /* OnboardingSlide.swift in Sources */ = {isa = PBXBuildFile; fileRef = 54EE46D5288B61FE0066A677 /* OnboardingSlide.swift */; };
		602F09325F448A197A444A7A /* Pods_Food_Order_Food_OrderUITests.framework in Frameworks */ = {isa = PBXBuildFile; fileRef = 85D0B11981ED506F5E7F540F /* Pods_Food_Order_Food_OrderUITests.framework */; };
		8C4ECB077D7DADB6501DAD4C /* Pods_Food_Order.framework in Frameworks */ = {isa = PBXBuildFile; fileRef = 32CD00BB12D4097F0DD91DFD /* Pods_Food_Order.framework */; };
/* End PBXBuildFile section */

/* Begin PBXContainerItemProxy section */
		54EE46AE288B42520066A677 /* PBXContainerItemProxy */ = {
			isa = PBXContainerItemProxy;
			containerPortal = 54EE468F288B42510066A677 /* Project object */;
			proxyType = 1;
			remoteGlobalIDString = 54EE4696288B42510066A677;
			remoteInfo = "Food Order";
		};
		54EE46B8288B42520066A677 /* PBXContainerItemProxy */ = {
			isa = PBXContainerItemProxy;
			containerPortal = 54EE468F288B42510066A677 /* Project object */;
			proxyType = 1;
			remoteGlobalIDString = 54EE4696288B42510066A677;
			remoteInfo = "Food Order";
		};
/* End PBXContainerItemProxy section */

/* Begin PBXFileReference section */
		09C6552695CF64B947DFB0B4 /* Pods-Food OrderTests.debug.xcconfig */ = {isa = PBXFileReference; includeInIndex = 1; lastKnownFileType = text.xcconfig; name = "Pods-Food OrderTests.debug.xcconfig"; path = "Target Support Files/Pods-Food OrderTests/Pods-Food OrderTests.debug.xcconfig"; sourceTree = "<group>"; };
		32CD00BB12D4097F0DD91DFD /* Pods_Food_Order.framework */ = {isa = PBXFileReference; explicitFileType = wrapper.framework; includeInIndex = 0; path = Pods_Food_Order.framework; sourceTree = BUILT_PRODUCTS_DIR; };
		540EADA528942652009B9532 /* DishDetailViewController.swift */ = {isa = PBXFileReference; lastKnownFileType = sourcecode.swift; path = DishDetailViewController.swift; sourceTree = "<group>"; };
		540EADA7289429C2009B9532 /* UIViewControllerExtension.swift */ = {isa = PBXFileReference; lastKnownFileType = sourcecode.swift; path = UIViewControllerExtension.swift; sourceTree = "<group>"; };
		542CC84128906B8F00EC9A4A /* DishPortraitCollectionViewCell.swift */ = {isa = PBXFileReference; lastKnownFileType = sourcecode.swift; path = DishPortraitCollectionViewCell.swift; sourceTree = "<group>"; };
		542CC84228906B8F00EC9A4A /* DishPortraitCollectionViewCell.xib */ = {isa = PBXFileReference; lastKnownFileType = file.xib; path = DishPortraitCollectionViewCell.xib; sourceTree = "<group>"; };
		542CC84528906F1100EC9A4A /* Dish.swift */ = {isa = PBXFileReference; lastKnownFileType = sourcecode.swift; path = Dish.swift; sourceTree = "<group>"; };
		542CC848289090E800EC9A4A /* DishLandCollectionViewCell.swift */ = {isa = PBXFileReference; lastKnownFileType = sourcecode.swift; path = DishLandCollectionViewCell.swift; sourceTree = "<group>"; };
		542CC849289090E800EC9A4A /* DishLandCollectionViewCell.xib */ = {isa = PBXFileReference; lastKnownFileType = file.xib; path = DishLandCollectionViewCell.xib; sourceTree = "<group>"; };
		5446EBCA28946BA5005683DA /* ListDishesViewController.swift */ = {isa = PBXFileReference; lastKnownFileType = sourcecode.swift; path = ListDishesViewController.swift; sourceTree = "<group>"; };
		54870AB52894420A00FBE719 /* DishListTableViewCell.swift */ = {isa = PBXFileReference; lastKnownFileType = sourcecode.swift; path = DishListTableViewCell.swift; sourceTree = "<group>"; };
		54870AB62894420A00FBE719 /* DishListTableViewCell.xib */ = {isa = PBXFileReference; lastKnownFileType = file.xib; path = DishListTableViewCell.xib; sourceTree = "<group>"; };
		54B8C7A3288D489D00C46E2F /* CardView.swift */ = {isa = PBXFileReference; lastKnownFileType = sourcecode.swift; path = CardView.swift; sourceTree = "<group>"; };
		54BA44A8288C4C1C0039D7F3 /* String+Extension.swift */ = {isa = PBXFileReference; lastKnownFileType = sourcecode.swift; path = "String+Extension.swift"; sourceTree = "<group>"; };
		54CFB8C9288BEF7900BFD28F /* OnbardingCollectionViewCell.swift */ = {isa = PBXFileReference; lastKnownFileType = sourcecode.swift; path = OnbardingCollectionViewCell.swift; sourceTree = "<group>"; };
		54CFB8CC288C2BB600BFD28F /* HomeViewController.swift */ = {isa = PBXFileReference; lastKnownFileType = sourcecode.swift; path = HomeViewController.swift; sourceTree = "<group>"; };
		54CFB8D2288C326C00BFD28F /* CategoryCollectionViewCell.swift */ = {isa = PBXFileReference; lastKnownFileType = sourcecode.swift; path = CategoryCollectionViewCell.swift; sourceTree = "<group>"; };
		54CFB8D3288C326C00BFD28F /* CategoryCollectionViewCell.xib */ = {isa = PBXFileReference; lastKnownFileType = file.xib; path = CategoryCollectionViewCell.xib; sourceTree = "<group>"; };
		54CFB8D6288C342C00BFD28F /* CategoryDishModel.swift */ = {isa = PBXFileReference; lastKnownFileType = sourcecode.swift; path = CategoryDishModel.swift; sourceTree = "<group>"; };
		54EE4697288B42510066A677 /* Food Order.app */ = {isa = PBXFileReference; explicitFileType = wrapper.application; includeInIndex = 0; path = "Food Order.app"; sourceTree = BUILT_PRODUCTS_DIR; };
		54EE469A288B42510066A677 /* AppDelegate.swift */ = {isa = PBXFileReference; lastKnownFileType = sourcecode.swift; path = AppDelegate.swift; sourceTree = "<group>"; };
		54EE469C288B42510066A677 /* SceneDelegate.swift */ = {isa = PBXFileReference; lastKnownFileType = sourcecode.swift; path = SceneDelegate.swift; sourceTree = "<group>"; };
		54EE46A1288B42510066A677 /* Base */ = {isa = PBXFileReference; lastKnownFileType = file.storyboard; name = Base; path = Base.lproj/Main.storyboard; sourceTree = "<group>"; };
		54EE46A3288B42510066A677 /* Assets.xcassets */ = {isa = PBXFileReference; lastKnownFileType = folder.assetcatalog; path = Assets.xcassets; sourceTree = "<group>"; };
		54EE46A6288B42510066A677 /* Base */ = {isa = PBXFileReference; lastKnownFileType = file.storyboard; name = Base; path = Base.lproj/LaunchScreen.storyboard; sourceTree = "<group>"; };
		54EE46A8288B42510066A677 /* Info.plist */ = {isa = PBXFileReference; lastKnownFileType = text.plist.xml; path = Info.plist; sourceTree = "<group>"; };
		54EE46AD288B42520066A677 /* Food OrderTests.xctest */ = {isa = PBXFileReference; explicitFileType = wrapper.cfbundle; includeInIndex = 0; path = "Food OrderTests.xctest"; sourceTree = BUILT_PRODUCTS_DIR; };
		54EE46B1288B42520066A677 /* Food_OrderTests.swift */ = {isa = PBXFileReference; lastKnownFileType = sourcecode.swift; path = Food_OrderTests.swift; sourceTree = "<group>"; };
		54EE46B7288B42520066A677 /* Food OrderUITests.xctest */ = {isa = PBXFileReference; explicitFileType = wrapper.cfbundle; includeInIndex = 0; path = "Food OrderUITests.xctest"; sourceTree = BUILT_PRODUCTS_DIR; };
		54EE46BB288B42520066A677 /* Food_OrderUITests.swift */ = {isa = PBXFileReference; lastKnownFileType = sourcecode.swift; path = Food_OrderUITests.swift; sourceTree = "<group>"; };
		54EE46BD288B42520066A677 /* Food_OrderUITestsLaunchTests.swift */ = {isa = PBXFileReference; lastKnownFileType = sourcecode.swift; path = Food_OrderUITestsLaunchTests.swift; sourceTree = "<group>"; };
		54EE46D0288B5CC00066A677 /* OnboardingViewController.swift */ = {isa = PBXFileReference; lastKnownFileType = sourcecode.swift; path = OnboardingViewController.swift; sourceTree = "<group>"; };
		54EE46D3288B60F50066A677 /* UIView+Extension.swift */ = {isa = PBXFileReference; lastKnownFileType = sourcecode.swift; path = "UIView+Extension.swift"; sourceTree = "<group>"; };
		54EE46D5288B61FE0066A677 /* OnboardingSlide.swift */ = {isa = PBXFileReference; lastKnownFileType = sourcecode.swift; path = OnboardingSlide.swift; sourceTree = "<group>"; };
		58A0D72A9B577ECB85BEA53B /* Pods-Food OrderTests.release.xcconfig */ = {isa = PBXFileReference; includeInIndex = 1; lastKnownFileType = text.xcconfig; name = "Pods-Food OrderTests.release.xcconfig"; path = "Target Support Files/Pods-Food OrderTests/Pods-Food OrderTests.release.xcconfig"; sourceTree = "<group>"; };
		72185F7133102C97BC906277 /* Pods-Food Order-Food OrderUITests.debug.xcconfig */ = {isa = PBXFileReference; includeInIndex = 1; lastKnownFileType = text.xcconfig; name = "Pods-Food Order-Food OrderUITests.debug.xcconfig"; path = "Target Support Files/Pods-Food Order-Food OrderUITests/Pods-Food Order-Food OrderUITests.debug.xcconfig"; sourceTree = "<group>"; };
		78F2D0DEBC47BDE6FFBFE8D9 /* Pods_Food_OrderTests.framework */ = {isa = PBXFileReference; explicitFileType = wrapper.framework; includeInIndex = 0; path = Pods_Food_OrderTests.framework; sourceTree = BUILT_PRODUCTS_DIR; };
		85D0B11981ED506F5E7F540F /* Pods_Food_Order_Food_OrderUITests.framework */ = {isa = PBXFileReference; explicitFileType = wrapper.framework; includeInIndex = 0; path = Pods_Food_Order_Food_OrderUITests.framework; sourceTree = BUILT_PRODUCTS_DIR; };
		8F40BFDC0648158F63666E9C /* Pods-Food Order.debug.xcconfig */ = {isa = PBXFileReference; includeInIndex = 1; lastKnownFileType = text.xcconfig; name = "Pods-Food Order.debug.xcconfig"; path = "Target Support Files/Pods-Food Order/Pods-Food Order.debug.xcconfig"; sourceTree = "<group>"; };
		AEBBE79F017AB1C7E97F1C6F /* Pods-Food Order-Food OrderUITests.release.xcconfig */ = {isa = PBXFileReference; includeInIndex = 1; lastKnownFileType = text.xcconfig; name = "Pods-Food Order-Food OrderUITests.release.xcconfig"; path = "Target Support Files/Pods-Food Order-Food OrderUITests/Pods-Food Order-Food OrderUITests.release.xcconfig"; sourceTree = "<group>"; };
		EE3EB3EA3D19050374227E8F /* Pods-Food Order.release.xcconfig */ = {isa = PBXFileReference; includeInIndex = 1; lastKnownFileType = text.xcconfig; name = "Pods-Food Order.release.xcconfig"; path = "Target Support Files/Pods-Food Order/Pods-Food Order.release.xcconfig"; sourceTree = "<group>"; };
/* End PBXFileReference section */

/* Begin PBXFrameworksBuildPhase section */
		54EE4694288B42510066A677 /* Frameworks */ = {
			isa = PBXFrameworksBuildPhase;
			buildActionMask = 2147483647;
			files = (
				8C4ECB077D7DADB6501DAD4C /* Pods_Food_Order.framework in Frameworks */,
			);
			runOnlyForDeploymentPostprocessing = 0;
		};
		54EE46AA288B42510066A677 /* Frameworks */ = {
			isa = PBXFrameworksBuildPhase;
			buildActionMask = 2147483647;
			files = (
				374CD324B4E0D40A0C28B669 /* Pods_Food_OrderTests.framework in Frameworks */,
			);
			runOnlyForDeploymentPostprocessing = 0;
		};
		54EE46B4288B42520066A677 /* Frameworks */ = {
			isa = PBXFrameworksBuildPhase;
			buildActionMask = 2147483647;
			files = (
				602F09325F448A197A444A7A /* Pods_Food_Order_Food_OrderUITests.framework in Frameworks */,
			);
			runOnlyForDeploymentPostprocessing = 0;
		};
/* End PBXFrameworksBuildPhase section */

/* Begin PBXGroup section */
		540EADA428942639009B9532 /* DishDetail */ = {
			isa = PBXGroup;
			children = (
				540EADA528942652009B9532 /* DishDetailViewController.swift */,
			);
			path = DishDetail;
			sourceTree = "<group>";
		};
		542CC84028906B5700EC9A4A /* DishPortraitCVCell */ = {
			isa = PBXGroup;
			children = (
				542CC84128906B8F00EC9A4A /* DishPortraitCollectionViewCell.swift */,
				542CC84228906B8F00EC9A4A /* DishPortraitCollectionViewCell.xib */,
			);
			path = DishPortraitCVCell;
			sourceTree = "<group>";
		};
		542CC847289090B000EC9A4A /* DishLandscapeCVCell */ = {
			isa = PBXGroup;
			children = (
				542CC848289090E800EC9A4A /* DishLandCollectionViewCell.swift */,
				542CC849289090E800EC9A4A /* DishLandCollectionViewCell.xib */,
			);
			path = DishLandscapeCVCell;
			sourceTree = "<group>";
		};
		5446EBC928946B7C005683DA /* ListDishes */ = {
			isa = PBXGroup;
			children = (
				5446EBCA28946BA5005683DA /* ListDishesViewController.swift */,
			);
			path = ListDishes;
			sourceTree = "<group>";
		};
		54870AB02894419E00FBE719 /* TableViewCell */ = {
			isa = PBXGroup;
			children = (
				54870AB2289441B900FBE719 /* DishListTableViewCell */,
			);
			path = TableViewCell;
			sourceTree = "<group>";
		};
		54870AB2289441B900FBE719 /* DishListTableViewCell */ = {
			isa = PBXGroup;
			children = (
				54870AB52894420A00FBE719 /* DishListTableViewCell.swift */,
				54870AB62894420A00FBE719 /* DishListTableViewCell.xib */,
			);
			path = DishListTableViewCell;
			sourceTree = "<group>";
		};
		54B8C7A2288D484E00C46E2F /* CardView */ = {
			isa = PBXGroup;
			children = (
				54B8C7A3288D489D00C46E2F /* CardView.swift */,
			);
			path = CardView;
			sourceTree = "<group>";
		};
		54CFB8CB288C2BA000BFD28F /* Home */ = {
			isa = PBXGroup;
			children = (
				54CFB8CC288C2BB600BFD28F /* HomeViewController.swift */,
			);
			path = Home;
			sourceTree = "<group>";
		};
		54CFB8CE288C31E000BFD28F /* CollectionViewCells */ = {
			isa = PBXGroup;
			children = (
				542CC847289090B000EC9A4A /* DishLandscapeCVCell */,
				542CC84028906B5700EC9A4A /* DishPortraitCVCell */,
				54CFB8CF288C31F100BFD28F /* CategoryCell */,
			);
			path = CollectionViewCells;
			sourceTree = "<group>";
		};
		54CFB8CF288C31F100BFD28F /* CategoryCell */ = {
			isa = PBXGroup;
			children = (
				54CFB8D2288C326C00BFD28F /* CategoryCollectionViewCell.swift */,
				54CFB8D3288C326C00BFD28F /* CategoryCollectionViewCell.xib */,
			);
			path = CategoryCell;
			sourceTree = "<group>";
		};
		54EE468E288B42510066A677 = {
			isa = PBXGroup;
			children = (
				54EE4699288B42510066A677 /* Food Order */,
				54EE46B0288B42520066A677 /* Food OrderTests */,
				54EE46BA288B42520066A677 /* Food OrderUITests */,
				54EE4698288B42510066A677 /* Products */,
				B1A336DF07693857E03D9F1B /* Pods */,
				AA2A3DFE49476EA94584F563 /* Frameworks */,
			);
			sourceTree = "<group>";
		};
		54EE4698288B42510066A677 /* Products */ = {
			isa = PBXGroup;
			children = (
				54EE4697288B42510066A677 /* Food Order.app */,
				54EE46AD288B42520066A677 /* Food OrderTests.xctest */,
				54EE46B7288B42520066A677 /* Food OrderUITests.xctest */,
			);
			name = Products;
			sourceTree = "<group>";
		};
		54EE4699288B42510066A677 /* Food Order */ = {
			isa = PBXGroup;
			children = (
				54EE46D2288B609F0066A677 /* Extensions */,
				54EE46CE288B5C800066A677 /* CustomViews */,
				54EE46CD288B5C780066A677 /* View */,
				54EE46CC288B5C710066A677 /* Model */,
				54EE469A288B42510066A677 /* AppDelegate.swift */,
				54EE469C288B42510066A677 /* SceneDelegate.swift */,
				54EE46A0288B42510066A677 /* Main.storyboard */,
				54EE46A3288B42510066A677 /* Assets.xcassets */,
				54EE46A5288B42510066A677 /* LaunchScreen.storyboard */,
				54EE46A8288B42510066A677 /* Info.plist */,
			);
			path = "Food Order";
			sourceTree = "<group>";
		};
		54EE46B0288B42520066A677 /* Food OrderTests */ = {
			isa = PBXGroup;
			children = (
				54EE46B1288B42520066A677 /* Food_OrderTests.swift */,
			);
			path = "Food OrderTests";
			sourceTree = "<group>";
		};
		54EE46BA288B42520066A677 /* Food OrderUITests */ = {
			isa = PBXGroup;
			children = (
				54EE46BB288B42520066A677 /* Food_OrderUITests.swift */,
				54EE46BD288B42520066A677 /* Food_OrderUITestsLaunchTests.swift */,
			);
			path = "Food OrderUITests";
			sourceTree = "<group>";
		};
		54EE46CC288B5C710066A677 /* Model */ = {
			isa = PBXGroup;
			children = (
				54EE46D5288B61FE0066A677 /* OnboardingSlide.swift */,
				54CFB8D6288C342C00BFD28F /* CategoryDishModel.swift */,
				542CC84528906F1100EC9A4A /* Dish.swift */,
			);
			path = Model;
			sourceTree = "<group>";
		};
		54EE46CD288B5C780066A677 /* View */ = {
			isa = PBXGroup;
			children = (
				5446EBC928946B7C005683DA /* ListDishes */,
				540EADA428942639009B9532 /* DishDetail */,
				54CFB8CB288C2BA000BFD28F /* Home */,
				54EE46CF288B5C950066A677 /* OnboardingScreen */,
			);
			path = View;
			sourceTree = "<group>";
		};
		54EE46CE288B5C800066A677 /* CustomViews */ = {
			isa = PBXGroup;
			children = (
				54870AB02894419E00FBE719 /* TableViewCell */,
				54B8C7A2288D484E00C46E2F /* CardView */,
				54CFB8CE288C31E000BFD28F /* CollectionViewCells */,
			);
			path = CustomViews;
			sourceTree = "<group>";
		};
		54EE46CF288B5C950066A677 /* OnboardingScreen */ = {
			isa = PBXGroup;
			children = (
				54EE46D0288B5CC00066A677 /* OnboardingViewController.swift */,
				54CFB8C9288BEF7900BFD28F /* OnbardingCollectionViewCell.swift */,
			);
			path = OnboardingScreen;
			sourceTree = "<group>";
		};
		54EE46D2288B609F0066A677 /* Extensions */ = {
			isa = PBXGroup;
			children = (
				54EE46D3288B60F50066A677 /* UIView+Extension.swift */,
				54BA44A8288C4C1C0039D7F3 /* String+Extension.swift */,
				540EADA7289429C2009B9532 /* UIViewControllerExtension.swift */,
			);
			path = Extensions;
			sourceTree = "<group>";
		};
		AA2A3DFE49476EA94584F563 /* Frameworks */ = {
			isa = PBXGroup;
			children = (
				32CD00BB12D4097F0DD91DFD /* Pods_Food_Order.framework */,
				85D0B11981ED506F5E7F540F /* Pods_Food_Order_Food_OrderUITests.framework */,
				78F2D0DEBC47BDE6FFBFE8D9 /* Pods_Food_OrderTests.framework */,
			);
			name = Frameworks;
			sourceTree = "<group>";
		};
		B1A336DF07693857E03D9F1B /* Pods */ = {
			isa = PBXGroup;
			children = (
				8F40BFDC0648158F63666E9C /* Pods-Food Order.debug.xcconfig */,
				EE3EB3EA3D19050374227E8F /* Pods-Food Order.release.xcconfig */,
				72185F7133102C97BC906277 /* Pods-Food Order-Food OrderUITests.debug.xcconfig */,
				AEBBE79F017AB1C7E97F1C6F /* Pods-Food Order-Food OrderUITests.release.xcconfig */,
				09C6552695CF64B947DFB0B4 /* Pods-Food OrderTests.debug.xcconfig */,
				58A0D72A9B577ECB85BEA53B /* Pods-Food OrderTests.release.xcconfig */,
			);
			path = Pods;
			sourceTree = "<group>";
		};
/* End PBXGroup section */

/* Begin PBXNativeTarget section */
		54EE4696288B42510066A677 /* Food Order */ = {
			isa = PBXNativeTarget;
			buildConfigurationList = 54EE46C1288B42520066A677 /* Build configuration list for PBXNativeTarget "Food Order" */;
			buildPhases = (
				47BE826A4BDA4F93EC43247F /* [CP] Check Pods Manifest.lock */,
				54EE4693288B42510066A677 /* Sources */,
				54EE4694288B42510066A677 /* Frameworks */,
				54EE4695288B42510066A677 /* Resources */,
				04E46AE6888BD8C9F7DB6FF7 /* [CP] Embed Pods Frameworks */,
			);
			buildRules = (
			);
			dependencies = (
			);
			name = "Food Order";
			productName = "Food Order";
			productReference = 54EE4697288B42510066A677 /* Food Order.app */;
			productType = "com.apple.product-type.application";
		};
		54EE46AC288B42510066A677 /* Food OrderTests */ = {
			isa = PBXNativeTarget;
			buildConfigurationList = 54EE46C4288B42520066A677 /* Build configuration list for PBXNativeTarget "Food OrderTests" */;
			buildPhases = (
				F3A8503BFAF29C15F9FB8E37 /* [CP] Check Pods Manifest.lock */,
				54EE46A9288B42510066A677 /* Sources */,
				54EE46AA288B42510066A677 /* Frameworks */,
				54EE46AB288B42510066A677 /* Resources */,
			);
			buildRules = (
			);
			dependencies = (
				54EE46AF288B42520066A677 /* PBXTargetDependency */,
			);
			name = "Food OrderTests";
			productName = "Food OrderTests";
			productReference = 54EE46AD288B42520066A677 /* Food OrderTests.xctest */;
			productType = "com.apple.product-type.bundle.unit-test";
		};
		54EE46B6288B42520066A677 /* Food OrderUITests */ = {
			isa = PBXNativeTarget;
			buildConfigurationList = 54EE46C7288B42520066A677 /* Build configuration list for PBXNativeTarget "Food OrderUITests" */;
			buildPhases = (
				7E71951BCCD4EB77E807B79C /* [CP] Check Pods Manifest.lock */,
				54EE46B3288B42520066A677 /* Sources */,
				54EE46B4288B42520066A677 /* Frameworks */,
				54EE46B5288B42520066A677 /* Resources */,
				60F50C2015BA68CC703B5B07 /* [CP] Embed Pods Frameworks */,
			);
			buildRules = (
			);
			dependencies = (
				54EE46B9288B42520066A677 /* PBXTargetDependency */,
			);
			name = "Food OrderUITests";
			productName = "Food OrderUITests";
			productReference = 54EE46B7288B42520066A677 /* Food OrderUITests.xctest */;
			productType = "com.apple.product-type.bundle.ui-testing";
		};
/* End PBXNativeTarget section */

/* Begin PBXProject section */
		54EE468F288B42510066A677 /* Project object */ = {
			isa = PBXProject;
			attributes = {
				BuildIndependentTargetsInParallel = 1;
				LastSwiftUpdateCheck = 1330;
				LastUpgradeCheck = 1330;
				TargetAttributes = {
					54EE4696288B42510066A677 = {
						CreatedOnToolsVersion = 13.3.1;
					};
					54EE46AC288B42510066A677 = {
						CreatedOnToolsVersion = 13.3.1;
						TestTargetID = 54EE4696288B42510066A677;
					};
					54EE46B6288B42520066A677 = {
						CreatedOnToolsVersion = 13.3.1;
						TestTargetID = 54EE4696288B42510066A677;
					};
				};
			};
			buildConfigurationList = 54EE4692288B42510066A677 /* Build configuration list for PBXProject "Food Order" */;
			compatibilityVersion = "Xcode 13.0";
			developmentRegion = en;
			hasScannedForEncodings = 0;
			knownRegions = (
				en,
				Base,
			);
			mainGroup = 54EE468E288B42510066A677;
			productRefGroup = 54EE4698288B42510066A677 /* Products */;
			projectDirPath = "";
			projectRoot = "";
			targets = (
				54EE4696288B42510066A677 /* Food Order */,
				54EE46AC288B42510066A677 /* Food OrderTests */,
				54EE46B6288B42520066A677 /* Food OrderUITests */,
			);
		};
/* End PBXProject section */

/* Begin PBXResourcesBuildPhase section */
		54EE4695288B42510066A677 /* Resources */ = {
			isa = PBXResourcesBuildPhase;
			buildActionMask = 2147483647;
			files = (
				54CFB8D5288C326C00BFD28F /* CategoryCollectionViewCell.xib in Resources */,
				54870AB82894420A00FBE719 /* DishListTableViewCell.xib in Resources */,
				54EE46A7288B42510066A677 /* LaunchScreen.storyboard in Resources */,
				542CC84428906B8F00EC9A4A /* DishPortraitCollectionViewCell.xib in Resources */,
				542CC84B289090E800EC9A4A /* DishLandCollectionViewCell.xib in Resources */,
				54EE46A4288B42510066A677 /* Assets.xcassets in Resources */,
				54EE46A2288B42510066A677 /* Main.storyboard in Resources */,
			);
			runOnlyForDeploymentPostprocessing = 0;
		};
		54EE46AB288B42510066A677 /* Resources */ = {
			isa = PBXResourcesBuildPhase;
			buildActionMask = 2147483647;
			files = (
			);
			runOnlyForDeploymentPostprocessing = 0;
		};
		54EE46B5288B42520066A677 /* Resources */ = {
			isa = PBXResourcesBuildPhase;
			buildActionMask = 2147483647;
			files = (
			);
			runOnlyForDeploymentPostprocessing = 0;
		};
/* End PBXResourcesBuildPhase section */

/* Begin PBXShellScriptBuildPhase section */
		04E46AE6888BD8C9F7DB6FF7 /* [CP] Embed Pods Frameworks */ = {
			isa = PBXShellScriptBuildPhase;
			buildActionMask = 2147483647;
			files = (
			);
			inputFileListPaths = (
				"${PODS_ROOT}/Target Support Files/Pods-Food Order/Pods-Food Order-frameworks-${CONFIGURATION}-input-files.xcfilelist",
			);
			name = "[CP] Embed Pods Frameworks";
			outputFileListPaths = (
				"${PODS_ROOT}/Target Support Files/Pods-Food Order/Pods-Food Order-frameworks-${CONFIGURATION}-output-files.xcfilelist",
			);
			runOnlyForDeploymentPostprocessing = 0;
			shellPath = /bin/sh;
			shellScript = "\"${PODS_ROOT}/Target Support Files/Pods-Food Order/Pods-Food Order-frameworks.sh\"\n";
			showEnvVarsInLog = 0;
		};
		47BE826A4BDA4F93EC43247F /* [CP] Check Pods Manifest.lock */ = {
			isa = PBXShellScriptBuildPhase;
			buildActionMask = 2147483647;
			files = (
			);
			inputFileListPaths = (
			);
			inputPaths = (
				"${PODS_PODFILE_DIR_PATH}/Podfile.lock",
				"${PODS_ROOT}/Manifest.lock",
			);
			name = "[CP] Check Pods Manifest.lock";
			outputFileListPaths = (
			);
			outputPaths = (
				"$(DERIVED_FILE_DIR)/Pods-Food Order-checkManifestLockResult.txt",
			);
			runOnlyForDeploymentPostprocessing = 0;
			shellPath = /bin/sh;
			shellScript = "diff \"${PODS_PODFILE_DIR_PATH}/Podfile.lock\" \"${PODS_ROOT}/Manifest.lock\" > /dev/null\nif [ $? != 0 ] ; then\n    # print error to STDERR\n    echo \"error: The sandbox is not in sync with the Podfile.lock. Run 'pod install' or update your CocoaPods installation.\" >&2\n    exit 1\nfi\n# This output is used by Xcode 'outputs' to avoid re-running this script phase.\necho \"SUCCESS\" > \"${SCRIPT_OUTPUT_FILE_0}\"\n";
			showEnvVarsInLog = 0;
		};
		60F50C2015BA68CC703B5B07 /* [CP] Embed Pods Frameworks */ = {
			isa = PBXShellScriptBuildPhase;
			buildActionMask = 2147483647;
			files = (
			);
			inputFileListPaths = (
				"${PODS_ROOT}/Target Support Files/Pods-Food Order-Food OrderUITests/Pods-Food Order-Food OrderUITests-frameworks-${CONFIGURATION}-input-files.xcfilelist",
			);
			name = "[CP] Embed Pods Frameworks";
			outputFileListPaths = (
				"${PODS_ROOT}/Target Support Files/Pods-Food Order-Food OrderUITests/Pods-Food Order-Food OrderUITests-frameworks-${CONFIGURATION}-output-files.xcfilelist",
			);
			runOnlyForDeploymentPostprocessing = 0;
			shellPath = /bin/sh;
			shellScript = "\"${PODS_ROOT}/Target Support Files/Pods-Food Order-Food OrderUITests/Pods-Food Order-Food OrderUITests-frameworks.sh\"\n";
			showEnvVarsInLog = 0;
		};
		7E71951BCCD4EB77E807B79C /* [CP] Check Pods Manifest.lock */ = {
			isa = PBXShellScriptBuildPhase;
			buildActionMask = 2147483647;
			files = (
			);
			inputFileListPaths = (
			);
			inputPaths = (
				"${PODS_PODFILE_DIR_PATH}/Podfile.lock",
				"${PODS_ROOT}/Manifest.lock",
			);
			name = "[CP] Check Pods Manifest.lock";
			outputFileListPaths = (
			);
			outputPaths = (
				"$(DERIVED_FILE_DIR)/Pods-Food Order-Food OrderUITests-checkManifestLockResult.txt",
			);
			runOnlyForDeploymentPostprocessing = 0;
			shellPath = /bin/sh;
			shellScript = "diff \"${PODS_PODFILE_DIR_PATH}/Podfile.lock\" \"${PODS_ROOT}/Manifest.lock\" > /dev/null\nif [ $? != 0 ] ; then\n    # print error to STDERR\n    echo \"error: The sandbox is not in sync with the Podfile.lock. Run 'pod install' or update your CocoaPods installation.\" >&2\n    exit 1\nfi\n# This output is used by Xcode 'outputs' to avoid re-running this script phase.\necho \"SUCCESS\" > \"${SCRIPT_OUTPUT_FILE_0}\"\n";
			showEnvVarsInLog = 0;
		};
		F3A8503BFAF29C15F9FB8E37 /* [CP] Check Pods Manifest.lock */ = {
			isa = PBXShellScriptBuildPhase;
			buildActionMask = 2147483647;
			files = (
			);
			inputFileListPaths = (
			);
			inputPaths = (
				"${PODS_PODFILE_DIR_PATH}/Podfile.lock",
				"${PODS_ROOT}/Manifest.lock",
			);
			name = "[CP] Check Pods Manifest.lock";
			outputFileListPaths = (
			);
			outputPaths = (
				"$(DERIVED_FILE_DIR)/Pods-Food OrderTests-checkManifestLockResult.txt",
			);
			runOnlyForDeploymentPostprocessing = 0;
			shellPath = /bin/sh;
			shellScript = "diff \"${PODS_PODFILE_DIR_PATH}/Podfile.lock\" \"${PODS_ROOT}/Manifest.lock\" > /dev/null\nif [ $? != 0 ] ; then\n    # print error to STDERR\n    echo \"error: The sandbox is not in sync with the Podfile.lock. Run 'pod install' or update your CocoaPods installation.\" >&2\n    exit 1\nfi\n# This output is used by Xcode 'outputs' to avoid re-running this script phase.\necho \"SUCCESS\" > \"${SCRIPT_OUTPUT_FILE_0}\"\n";
			showEnvVarsInLog = 0;
		};
/* End PBXShellScriptBuildPhase section */

/* Begin PBXSourcesBuildPhase section */
		54EE4693288B42510066A677 /* Sources */ = {
			isa = PBXSourcesBuildPhase;
			buildActionMask = 2147483647;
			files = (
				54870AB72894420A00FBE719 /* DishListTableViewCell.swift in Sources */,
				54CFB8D4288C326C00BFD28F /* CategoryCollectionViewCell.swift in Sources */,
				54EE46D6288B61FE0066A677 /* OnboardingSlide.swift in Sources */,
				54CFB8CA288BEF7900BFD28F /* OnbardingCollectionViewCell.swift in Sources */,
				54EE469B288B42510066A677 /* AppDelegate.swift in Sources */,
				540EADA8289429C2009B9532 /* UIViewControllerExtension.swift in Sources */,
				542CC84A289090E800EC9A4A /* DishLandCollectionViewCell.swift in Sources */,
				54EE469D288B42510066A677 /* SceneDelegate.swift in Sources */,
				540EADA628942652009B9532 /* DishDetailViewController.swift in Sources */,
				54EE46D4288B60F50066A677 /* UIView+Extension.swift in Sources */,
				54CFB8D7288C342C00BFD28F /* CategoryDishModel.swift in Sources */,
				54CFB8CD288C2BB600BFD28F /* HomeViewController.swift in Sources */,
				54BA44A9288C4C1C0039D7F3 /* String+Extension.swift in Sources */,
				54B8C7A4288D489D00C46E2F /* CardView.swift in Sources */,
				5446EBCB28946BA5005683DA /* ListDishesViewController.swift in Sources */,
				54EE46D1288B5CC00066A677 /* OnboardingViewController.swift in Sources */,
				542CC84628906F1100EC9A4A /* Dish.swift in Sources */,
				542CC84328906B8F00EC9A4A /* DishPortraitCollectionViewCell.swift in Sources */,
			);
			runOnlyForDeploymentPostprocessing = 0;
		};
		54EE46A9288B42510066A677 /* Sources */ = {
			isa = PBXSourcesBuildPhase;
			buildActionMask = 2147483647;
			files = (
				54EE46B2288B42520066A677 /* Food_OrderTests.swift in Sources */,
			);
			runOnlyForDeploymentPostprocessing = 0;
		};
		54EE46B3288B42520066A677 /* Sources */ = {
			isa = PBXSourcesBuildPhase;
			buildActionMask = 2147483647;
			files = (
				54EE46BC288B42520066A677 /* Food_OrderUITests.swift in Sources */,
				54EE46BE288B42520066A677 /* Food_OrderUITestsLaunchTests.swift in Sources */,
			);
			runOnlyForDeploymentPostprocessing = 0;
		};
/* End PBXSourcesBuildPhase section */

/* Begin PBXTargetDependency section */
		54EE46AF288B42520066A677 /* PBXTargetDependency */ = {
			isa = PBXTargetDependency;
			target = 54EE4696288B42510066A677 /* Food Order */;
			targetProxy = 54EE46AE288B42520066A677 /* PBXContainerItemProxy */;
		};
		54EE46B9288B42520066A677 /* PBXTargetDependency */ = {
			isa = PBXTargetDependency;
			target = 54EE4696288B42510066A677 /* Food Order */;
			targetProxy = 54EE46B8288B42520066A677 /* PBXContainerItemProxy */;
		};
/* End PBXTargetDependency section */

/* Begin PBXVariantGroup section */
		54EE46A0288B42510066A677 /* Main.storyboard */ = {
			isa = PBXVariantGroup;
			children = (
				54EE46A1288B42510066A677 /* Base */,
			);
			name = Main.storyboard;
			sourceTree = "<group>";
		};
		54EE46A5288B42510066A677 /* LaunchScreen.storyboard */ = {
			isa = PBXVariantGroup;
			children = (
				54EE46A6288B42510066A677 /* Base */,
			);
			name = LaunchScreen.storyboard;
			sourceTree = "<group>";
		};
/* End PBXVariantGroup section */

/* Begin XCBuildConfiguration section */
		54EE46BF288B42520066A677 /* Debug */ = {
			isa = XCBuildConfiguration;
			buildSettings = {
				ALWAYS_SEARCH_USER_PATHS = NO;
				CLANG_ANALYZER_NONNULL = YES;
				CLANG_ANALYZER_NUMBER_OBJECT_CONVERSION = YES_AGGRESSIVE;
				CLANG_CXX_LANGUAGE_STANDARD = "gnu++17";
				CLANG_ENABLE_MODULES = YES;
				CLANG_ENABLE_OBJC_ARC = YES;
				CLANG_ENABLE_OBJC_WEAK = YES;
				CLANG_WARN_BLOCK_CAPTURE_AUTORELEASING = YES;
				CLANG_WARN_BOOL_CONVERSION = YES;
				CLANG_WARN_COMMA = YES;
				CLANG_WARN_CONSTANT_CONVERSION = YES;
				CLANG_WARN_DEPRECATED_OBJC_IMPLEMENTATIONS = YES;
				CLANG_WARN_DIRECT_OBJC_ISA_USAGE = YES_ERROR;
				CLANG_WARN_DOCUMENTATION_COMMENTS = YES;
				CLANG_WARN_EMPTY_BODY = YES;
				CLANG_WARN_ENUM_CONVERSION = YES;
				CLANG_WARN_INFINITE_RECURSION = YES;
				CLANG_WARN_INT_CONVERSION = YES;
				CLANG_WARN_NON_LITERAL_NULL_CONVERSION = YES;
				CLANG_WARN_OBJC_IMPLICIT_RETAIN_SELF = YES;
				CLANG_WARN_OBJC_LITERAL_CONVERSION = YES;
				CLANG_WARN_OBJC_ROOT_CLASS = YES_ERROR;
				CLANG_WARN_QUOTED_INCLUDE_IN_FRAMEWORK_HEADER = YES;
				CLANG_WARN_RANGE_LOOP_ANALYSIS = YES;
				CLANG_WARN_STRICT_PROTOTYPES = YES;
				CLANG_WARN_SUSPICIOUS_MOVE = YES;
				CLANG_WARN_UNGUARDED_AVAILABILITY = YES_AGGRESSIVE;
				CLANG_WARN_UNREACHABLE_CODE = YES;
				CLANG_WARN__DUPLICATE_METHOD_MATCH = YES;
				COPY_PHASE_STRIP = NO;
				DEBUG_INFORMATION_FORMAT = dwarf;
				ENABLE_STRICT_OBJC_MSGSEND = YES;
				ENABLE_TESTABILITY = YES;
				GCC_C_LANGUAGE_STANDARD = gnu11;
				GCC_DYNAMIC_NO_PIC = NO;
				GCC_NO_COMMON_BLOCKS = YES;
				GCC_OPTIMIZATION_LEVEL = 0;
				GCC_PREPROCESSOR_DEFINITIONS = (
					"DEBUG=1",
					"$(inherited)",
				);
				GCC_WARN_64_TO_32_BIT_CONVERSION = YES;
				GCC_WARN_ABOUT_RETURN_TYPE = YES_ERROR;
				GCC_WARN_UNDECLARED_SELECTOR = YES;
				GCC_WARN_UNINITIALIZED_AUTOS = YES_AGGRESSIVE;
				GCC_WARN_UNUSED_FUNCTION = YES;
				GCC_WARN_UNUSED_VARIABLE = YES;
				IPHONEOS_DEPLOYMENT_TARGET = 15.4;
				MTL_ENABLE_DEBUG_INFO = INCLUDE_SOURCE;
				MTL_FAST_MATH = YES;
				ONLY_ACTIVE_ARCH = YES;
				SDKROOT = iphoneos;
				SWIFT_ACTIVE_COMPILATION_CONDITIONS = DEBUG;
				SWIFT_OPTIMIZATION_LEVEL = "-Onone";
			};
			name = Debug;
		};
		54EE46C0288B42520066A677 /* Release */ = {
			isa = XCBuildConfiguration;
			buildSettings = {
				ALWAYS_SEARCH_USER_PATHS = NO;
				CLANG_ANALYZER_NONNULL = YES;
				CLANG_ANALYZER_NUMBER_OBJECT_CONVERSION = YES_AGGRESSIVE;
				CLANG_CXX_LANGUAGE_STANDARD = "gnu++17";
				CLANG_ENABLE_MODULES = YES;
				CLANG_ENABLE_OBJC_ARC = YES;
				CLANG_ENABLE_OBJC_WEAK = YES;
				CLANG_WARN_BLOCK_CAPTURE_AUTORELEASING = YES;
				CLANG_WARN_BOOL_CONVERSION = YES;
				CLANG_WARN_COMMA = YES;
				CLANG_WARN_CONSTANT_CONVERSION = YES;
				CLANG_WARN_DEPRECATED_OBJC_IMPLEMENTATIONS = YES;
				CLANG_WARN_DIRECT_OBJC_ISA_USAGE = YES_ERROR;
				CLANG_WARN_DOCUMENTATION_COMMENTS = YES;
				CLANG_WARN_EMPTY_BODY = YES;
				CLANG_WARN_ENUM_CONVERSION = YES;
				CLANG_WARN_INFINITE_RECURSION = YES;
				CLANG_WARN_INT_CONVERSION = YES;
				CLANG_WARN_NON_LITERAL_NULL_CONVERSION = YES;
				CLANG_WARN_OBJC_IMPLICIT_RETAIN_SELF = YES;
				CLANG_WARN_OBJC_LITERAL_CONVERSION = YES;
				CLANG_WARN_OBJC_ROOT_CLASS = YES_ERROR;
				CLANG_WARN_QUOTED_INCLUDE_IN_FRAMEWORK_HEADER = YES;
				CLANG_WARN_RANGE_LOOP_ANALYSIS = YES;
				CLANG_WARN_STRICT_PROTOTYPES = YES;
				CLANG_WARN_SUSPICIOUS_MOVE = YES;
				CLANG_WARN_UNGUARDED_AVAILABILITY = YES_AGGRESSIVE;
				CLANG_WARN_UNREACHABLE_CODE = YES;
				CLANG_WARN__DUPLICATE_METHOD_MATCH = YES;
				COPY_PHASE_STRIP = NO;
				DEBUG_INFORMATION_FORMAT = "dwarf-with-dsym";
				ENABLE_NS_ASSERTIONS = NO;
				ENABLE_STRICT_OBJC_MSGSEND = YES;
				GCC_C_LANGUAGE_STANDARD = gnu11;
				GCC_NO_COMMON_BLOCKS = YES;
				GCC_WARN_64_TO_32_BIT_CONVERSION = YES;
				GCC_WARN_ABOUT_RETURN_TYPE = YES_ERROR;
				GCC_WARN_UNDECLARED_SELECTOR = YES;
				GCC_WARN_UNINITIALIZED_AUTOS = YES_AGGRESSIVE;
				GCC_WARN_UNUSED_FUNCTION = YES;
				GCC_WARN_UNUSED_VARIABLE = YES;
				IPHONEOS_DEPLOYMENT_TARGET = 15.4;
				MTL_ENABLE_DEBUG_INFO = NO;
				MTL_FAST_MATH = YES;
				SDKROOT = iphoneos;
				SWIFT_COMPILATION_MODE = wholemodule;
				SWIFT_OPTIMIZATION_LEVEL = "-O";
				VALIDATE_PRODUCT = YES;
			};
			name = Release;
		};
		54EE46C2288B42520066A677 /* Debug */ = {
			isa = XCBuildConfiguration;
			baseConfigurationReference = 8F40BFDC0648158F63666E9C /* Pods-Food Order.debug.xcconfig */;
			buildSettings = {
				ASSETCATALOG_COMPILER_APPICON_NAME = AppIcon;
				ASSETCATALOG_COMPILER_GLOBAL_ACCENT_COLOR_NAME = AccentColor;
				CODE_SIGN_STYLE = Automatic;
				CURRENT_PROJECT_VERSION = 1;
				DEVELOPMENT_TEAM = WJT22M2F7F;
				GENERATE_INFOPLIST_FILE = YES;
				INFOPLIST_FILE = "Food Order/Info.plist";
				INFOPLIST_KEY_UIApplicationSupportsIndirectInputEvents = YES;
				INFOPLIST_KEY_UILaunchStoryboardName = LaunchScreen;
				INFOPLIST_KEY_UIMainStoryboardFile = Main;
				INFOPLIST_KEY_UISupportedInterfaceOrientations_iPad = "UIInterfaceOrientationPortrait UIInterfaceOrientationPortraitUpsideDown UIInterfaceOrientationLandscapeLeft UIInterfaceOrientationLandscapeRight";
				INFOPLIST_KEY_UISupportedInterfaceOrientations_iPhone = "UIInterfaceOrientationPortrait UIInterfaceOrientationLandscapeLeft UIInterfaceOrientationLandscapeRight";
				LD_RUNPATH_SEARCH_PATHS = (
					"$(inherited)",
					"@executable_path/Frameworks",
				);
				MARKETING_VERSION = 1.0;
				PRODUCT_BUNDLE_IDENTIFIER = "burak-akcan.Food-Order";
				PRODUCT_NAME = "$(TARGET_NAME)";
				SWIFT_EMIT_LOC_STRINGS = YES;
				SWIFT_VERSION = 5.0;
				TARGETED_DEVICE_FAMILY = "1,2";
			};
			name = Debug;
		};
		54EE46C3288B42520066A677 /* Release */ = {
			isa = XCBuildConfiguration;
			baseConfigurationReference = EE3EB3EA3D19050374227E8F /* Pods-Food Order.release.xcconfig */;
			buildSettings = {
				ASSETCATALOG_COMPILER_APPICON_NAME = AppIcon;
				ASSETCATALOG_COMPILER_GLOBAL_ACCENT_COLOR_NAME = AccentColor;
				CODE_SIGN_STYLE = Automatic;
				CURRENT_PROJECT_VERSION = 1;
				DEVELOPMENT_TEAM = WJT22M2F7F;
				GENERATE_INFOPLIST_FILE = YES;
				INFOPLIST_FILE = "Food Order/Info.plist";
				INFOPLIST_KEY_UIApplicationSupportsIndirectInputEvents = YES;
				INFOPLIST_KEY_UILaunchStoryboardName = LaunchScreen;
				INFOPLIST_KEY_UIMainStoryboardFile = Main;
				INFOPLIST_KEY_UISupportedInterfaceOrientations_iPad = "UIInterfaceOrientationPortrait UIInterfaceOrientationPortraitUpsideDown UIInterfaceOrientationLandscapeLeft UIInterfaceOrientationLandscapeRight";
				INFOPLIST_KEY_UISupportedInterfaceOrientations_iPhone = "UIInterfaceOrientationPortrait UIInterfaceOrientationLandscapeLeft UIInterfaceOrientationLandscapeRight";
				LD_RUNPATH_SEARCH_PATHS = (
					"$(inherited)",
					"@executable_path/Frameworks",
				);
				MARKETING_VERSION = 1.0;
				PRODUCT_BUNDLE_IDENTIFIER = "burak-akcan.Food-Order";
				PRODUCT_NAME = "$(TARGET_NAME)";
				SWIFT_EMIT_LOC_STRINGS = YES;
				SWIFT_VERSION = 5.0;
				TARGETED_DEVICE_FAMILY = "1,2";
			};
			name = Release;
		};
		54EE46C5288B42520066A677 /* Debug */ = {
			isa = XCBuildConfiguration;
			baseConfigurationReference = 09C6552695CF64B947DFB0B4 /* Pods-Food OrderTests.debug.xcconfig */;
			buildSettings = {
				ALWAYS_EMBED_SWIFT_STANDARD_LIBRARIES = YES;
				BUNDLE_LOADER = "$(TEST_HOST)";
				CODE_SIGN_STYLE = Automatic;
				CURRENT_PROJECT_VERSION = 1;
				DEVELOPMENT_TEAM = WJT22M2F7F;
				GENERATE_INFOPLIST_FILE = YES;
				IPHONEOS_DEPLOYMENT_TARGET = 15.4;
				MARKETING_VERSION = 1.0;
				PRODUCT_BUNDLE_IDENTIFIER = "burak-akcan.Food-OrderTests";
				PRODUCT_NAME = "$(TARGET_NAME)";
				SWIFT_EMIT_LOC_STRINGS = NO;
				SWIFT_VERSION = 5.0;
				TARGETED_DEVICE_FAMILY = "1,2";
				TEST_HOST = "$(BUILT_PRODUCTS_DIR)/Food Order.app/Food Order";
			};
			name = Debug;
		};
		54EE46C6288B42520066A677 /* Release */ = {
			isa = XCBuildConfiguration;
			baseConfigurationReference = 58A0D72A9B577ECB85BEA53B /* Pods-Food OrderTests.release.xcconfig */;
			buildSettings = {
				ALWAYS_EMBED_SWIFT_STANDARD_LIBRARIES = YES;
				BUNDLE_LOADER = "$(TEST_HOST)";
				CODE_SIGN_STYLE = Automatic;
				CURRENT_PROJECT_VERSION = 1;
				DEVELOPMENT_TEAM = WJT22M2F7F;
				GENERATE_INFOPLIST_FILE = YES;
				IPHONEOS_DEPLOYMENT_TARGET = 15.4;
				MARKETING_VERSION = 1.0;
				PRODUCT_BUNDLE_IDENTIFIER = "burak-akcan.Food-OrderTests";
				PRODUCT_NAME = "$(TARGET_NAME)";
				SWIFT_EMIT_LOC_STRINGS = NO;
				SWIFT_VERSION = 5.0;
				TARGETED_DEVICE_FAMILY = "1,2";
				TEST_HOST = "$(BUILT_PRODUCTS_DIR)/Food Order.app/Food Order";
			};
			name = Release;
		};
		54EE46C8288B42520066A677 /* Debug */ = {
			isa = XCBuildConfiguration;
			baseConfigurationReference = 72185F7133102C97BC906277 /* Pods-Food Order-Food OrderUITests.debug.xcconfig */;
			buildSettings = {
				ALWAYS_EMBED_SWIFT_STANDARD_LIBRARIES = YES;
				CODE_SIGN_STYLE = Automatic;
				CURRENT_PROJECT_VERSION = 1;
				DEVELOPMENT_TEAM = WJT22M2F7F;
				GENERATE_INFOPLIST_FILE = YES;
				MARKETING_VERSION = 1.0;
				PRODUCT_BUNDLE_IDENTIFIER = "burak-akcan.Food-OrderUITests";
				PRODUCT_NAME = "$(TARGET_NAME)";
				SWIFT_EMIT_LOC_STRINGS = NO;
				SWIFT_VERSION = 5.0;
				TARGETED_DEVICE_FAMILY = "1,2";
				TEST_TARGET_NAME = "Food Order";
			};
			name = Debug;
		};
		54EE46C9288B42520066A677 /* Release */ = {
			isa = XCBuildConfiguration;
			baseConfigurationReference = AEBBE79F017AB1C7E97F1C6F /* Pods-Food Order-Food OrderUITests.release.xcconfig */;
			buildSettings = {
				ALWAYS_EMBED_SWIFT_STANDARD_LIBRARIES = YES;
				CODE_SIGN_STYLE = Automatic;
				CURRENT_PROJECT_VERSION = 1;
				DEVELOPMENT_TEAM = WJT22M2F7F;
				GENERATE_INFOPLIST_FILE = YES;
				MARKETING_VERSION = 1.0;
				PRODUCT_BUNDLE_IDENTIFIER = "burak-akcan.Food-OrderUITests";
				PRODUCT_NAME = "$(TARGET_NAME)";
				SWIFT_EMIT_LOC_STRINGS = NO;
				SWIFT_VERSION = 5.0;
				TARGETED_DEVICE_FAMILY = "1,2";
				TEST_TARGET_NAME = "Food Order";
			};
			name = Release;
		};
/* End XCBuildConfiguration section */

/* Begin XCConfigurationList section */
		54EE4692288B42510066A677 /* Build configuration list for PBXProject "Food Order" */ = {
			isa = XCConfigurationList;
			buildConfigurations = (
				54EE46BF288B42520066A677 /* Debug */,
				54EE46C0288B42520066A677 /* Release */,
			);
			defaultConfigurationIsVisible = 0;
			defaultConfigurationName = Release;
		};
		54EE46C1288B42520066A677 /* Build configuration list for PBXNativeTarget "Food Order" */ = {
			isa = XCConfigurationList;
			buildConfigurations = (
				54EE46C2288B42520066A677 /* Debug */,
				54EE46C3288B42520066A677 /* Release */,
			);
			defaultConfigurationIsVisible = 0;
			defaultConfigurationName = Release;
		};
		54EE46C4288B42520066A677 /* Build configuration list for PBXNativeTarget "Food OrderTests" */ = {
			isa = XCConfigurationList;
			buildConfigurations = (
				54EE46C5288B42520066A677 /* Debug */,
				54EE46C6288B42520066A677 /* Release */,
			);
			defaultConfigurationIsVisible = 0;
			defaultConfigurationName = Release;
		};
		54EE46C7288B42520066A677 /* Build configuration list for PBXNativeTarget "Food OrderUITests" */ = {
			isa = XCConfigurationList;
			buildConfigurations = (
				54EE46C8288B42520066A677 /* Debug */,
				54EE46C9288B42520066A677 /* Release */,
			);
			defaultConfigurationIsVisible = 0;
			defaultConfigurationName = Release;
		};
/* End XCConfigurationList section */
	};
	rootObject = 54EE468F288B42510066A677 /* Project object */;
}
